
Microsoft Visual Studio Solution File, Format Version 12.00
# Visual Studio Version 17
VisualStudioVersion = 17.13.35919.96 d17.13
MinimumVisualStudioVersion = 10.0.40219.1
Project("{FAE04EC0-301F-11D3-BF4B-00C04F79EFBC}") = "WpfDataTreeGrid", "WpfDataTreeGrid\WpfDataTreeGrid.csproj", "{7B9C0A64-1686-4E9E-80C2-D7C0FFFCE474}"
EndProject
Global
	GlobalSection(SolutionConfigurationPlatforms) = preSolution
		Debug|Any CPU = Debug|Any CPU
		Release|Any CPU = Release|Any CPU
	EndGlobalSection
	GlobalSection(ProjectConfigurationPlatforms) = postSolution
		{7B9C0A64-1686-4E9E-80C2-D7C0FFFCE474}.Debug|Any CPU.ActiveCfg = Debug|Any CPU
		{7B9C0A64-1686-4E9E-80C2-D7C0FFFCE474}.Debug|Any CPU.Build.0 = Debug|Any CPU
		{7B9C0A64-1686-4E9E-80C2-D7C0FFFCE474}.Release|Any CPU.ActiveCfg = Release|Any CPU
		{7B9C0A64-1686-4E9E-80C2-D7C0FFFCE474}.Release|Any CPU.Build.0 = Release|Any CPU
	EndGlobalSection
	GlobalSection(SolutionProperties) = preSolution
		HideSolutionNode = FALSE
	EndGlobalSection
	GlobalSection(ExtensibilityGlobals) = postSolution
		SolutionGuid = {89208D3B-7A6B-4DC3-BC2E-119FD3D6CBF7}
	EndGlobalSection
EndGlobal
